
Microsoft Visual Studio Solution File, Format Version 12.00
Project("{FAE04EC0-301F-11D3-BF4B-00C04F79EFBC}") = "DesignPatterns.AbstractFactory", "DesignPatterns.AbstractFactory\DesignPatterns.AbstractFactory.csproj", "{FB2147FD-5E9C-469C-8D7F-8168894786E1}"
EndProject
Project("{FAE04EC0-301F-11D3-BF4B-00C04F79EFBC}") = "DesignPatterns.Adapter", "DesignPatterns.Adapter\DesignPatterns.Adapter.csproj", "{AA8481F0-51E8-41DF-AF49-7F788217E9C2}"
EndProject
Project("{FAE04EC0-301F-11D3-BF4B-00C04F79EFBC}") = "DesignPatterns.Builder", "DesignPatterns.Builder\DesignPatterns.Builder.csproj", "{A7BC2B06-8C73-4CBA-8EFF-2B963B45A6A1}"
EndProject
Project("{FAE04EC0-301F-11D3-BF4B-00C04F79EFBC}") = "DesignPatterns.Command", "DesignPatterns.Command\DesignPatterns.Command.csproj", "{5029995A-CFDD-4499-A846-71D370F79F21}"
EndProject
Project("{FAE04EC0-301F-11D3-BF4B-00C04F79EFBC}") = "DesignPatterns.Composite", "DesignPatterns.Composite\DesignPatterns.Composite.csproj", "{C84AF672-B7F6-4A47-9382-31852FBFDD4E}"
EndProject
Project("{FAE04EC0-301F-11D3-BF4B-00C04F79EFBC}") = "DesignPatterns.Facade", "DesignPatterns.Facade\DesignPatterns.Facade.csproj", "{61EF90E1-7733-4CED-A924-56B84802D7F7}"
EndProject
Project("{FAE04EC0-301F-11D3-BF4B-00C04F79EFBC}") = "DesignPatterns.FactoryMethod", "DesignPatterns.FactoryMethod\DesignPatterns.FactoryMethod.csproj", "{3D6FEC48-3D15-4759-9913-D97359BCF717}"
EndProject
Project("{FAE04EC0-301F-11D3-BF4B-00C04F79EFBC}") = "DesignPatterns.Iterator", "DesignPatterns.Iterator\DesignPatterns.Iterator.csproj", "{6B0CF642-B1A5-432C-B41D-BA6C6032F32C}"
EndProject
Project("{FAE04EC0-301F-11D3-BF4B-00C04F79EFBC}") = "DesignPatterns.Memento", "DesignPatterns.Memento\DesignPatterns.Memento.csproj", "{9E716C3A-9108-4C44-911F-0660A185A256}"
EndProject
Project("{FAE04EC0-301F-11D3-BF4B-00C04F79EFBC}") = "DesignPatterns.Observer", "DesignPatterns.Observer\DesignPatterns.Observer.csproj", "{599B2903-0376-4B3A-8650-76B9A5902B55}"
EndProject
Project("{FAE04EC0-301F-11D3-BF4B-00C04F79EFBC}") = "DesignPatterns.Prototype", "DesignPatterns.Prototype\DesignPatterns.Prototype.csproj", "{CE1AAFB1-0BE2-4C20-A384-9AC8469D3404}"
EndProject
Project("{FAE04EC0-301F-11D3-BF4B-00C04F79EFBC}") = "DesignPatterns.Proxy", "DesignPatterns.Proxy\DesignPatterns.Proxy.csproj", "{4C4C93B9-F099-477A-AC29-CF206D849EB3}"
EndProject
Project("{FAE04EC0-301F-11D3-BF4B-00C04F79EFBC}") = "DesignPatterns.Singleton", "DesignPatterns.Singleton\DesignPatterns.Singleton.csproj", "{69BC724B-044B-41DD-88A6-D86C330F241D}"
EndProject
Project("{FAE04EC0-301F-11D3-BF4B-00C04F79EFBC}") = "DesignPatterns.Strategy", "DesignPatterns.Strategy\DesignPatterns.Strategy.csproj", "{8740FF16-7840-47A6-AFAA-AF0218B73F3C}"
EndProject
Global
	GlobalSection(SolutionConfigurationPlatforms) = preSolution
		Debug|Any CPU = Debug|Any CPU
		Release|Any CPU = Release|Any CPU
	EndGlobalSection
	GlobalSection(ProjectConfigurationPlatforms) = postSolution
		{FB2147FD-5E9C-469C-8D7F-8168894786E1}.Debug|Any CPU.ActiveCfg = Debug|Any CPU
		{FB2147FD-5E9C-469C-8D7F-8168894786E1}.Debug|Any CPU.Build.0 = Debug|Any CPU
		{FB2147FD-5E9C-469C-8D7F-8168894786E1}.Release|Any CPU.ActiveCfg = Release|Any CPU
		{FB2147FD-5E9C-469C-8D7F-8168894786E1}.Release|Any CPU.Build.0 = Release|Any CPU
		{AA8481F0-51E8-41DF-AF49-7F788217E9C2}.Debug|Any CPU.ActiveCfg = Debug|Any CPU
		{AA8481F0-51E8-41DF-AF49-7F788217E9C2}.Debug|Any CPU.Build.0 = Debug|Any CPU
		{AA8481F0-51E8-41DF-AF49-7F788217E9C2}.Release|Any CPU.ActiveCfg = Release|Any CPU
		{AA8481F0-51E8-41DF-AF49-7F788217E9C2}.Release|Any CPU.Build.0 = Release|Any CPU
		{A7BC2B06-8C73-4CBA-8EFF-2B963B45A6A1}.Debug|Any CPU.ActiveCfg = Debug|Any CPU
		{A7BC2B06-8C73-4CBA-8EFF-2B963B45A6A1}.Debug|Any CPU.Build.0 = Debug|Any CPU
		{A7BC2B06-8C73-4CBA-8EFF-2B963B45A6A1}.Release|Any CPU.ActiveCfg = Release|Any CPU
		{A7BC2B06-8C73-4CBA-8EFF-2B963B45A6A1}.Release|Any CPU.Build.0 = Release|Any CPU
		{5029995A-CFDD-4499-A846-71D370F79F21}.Debug|Any CPU.ActiveCfg = Debug|Any CPU
		{5029995A-CFDD-4499-A846-71D370F79F21}.Debug|Any CPU.Build.0 = Debug|Any CPU
		{5029995A-CFDD-4499-A846-71D370F79F21}.Release|Any CPU.ActiveCfg = Release|Any CPU
		{5029995A-CFDD-4499-A846-71D370F79F21}.Release|Any CPU.Build.0 = Release|Any CPU
		{C84AF672-B7F6-4A47-9382-31852FBFDD4E}.Debug|Any CPU.ActiveCfg = Debug|Any CPU
		{C84AF672-B7F6-4A47-9382-31852FBFDD4E}.Debug|Any CPU.Build.0 = Debug|Any CPU
		{C84AF672-B7F6-4A47-9382-31852FBFDD4E}.Release|Any CPU.ActiveCfg = Release|Any CPU
		{C84AF672-B7F6-4A47-9382-31852FBFDD4E}.Release|Any CPU.Build.0 = Release|Any CPU
		{61EF90E1-7733-4CED-A924-56B84802D7F7}.Debug|Any CPU.ActiveCfg = Debug|Any CPU
		{61EF90E1-7733-4CED-A924-56B84802D7F7}.Debug|Any CPU.Build.0 = Debug|Any CPU
		{61EF90E1-7733-4CED-A924-56B84802D7F7}.Release|Any CPU.ActiveCfg = Release|Any CPU
		{61EF90E1-7733-4CED-A924-56B84802D7F7}.Release|Any CPU.Build.0 = Release|Any CPU
		{3D6FEC48-3D15-4759-9913-D97359BCF717}.Debug|Any CPU.ActiveCfg = Debug|Any CPU
		{3D6FEC48-3D15-4759-9913-D97359BCF717}.Debug|Any CPU.Build.0 = Debug|Any CPU
		{3D6FEC48-3D15-4759-9913-D97359BCF717}.Release|Any CPU.ActiveCfg = Release|Any CPU
		{3D6FEC48-3D15-4759-9913-D97359BCF717}.Release|Any CPU.Build.0 = Release|Any CPU
		{6B0CF642-B1A5-432C-B41D-BA6C6032F32C}.Debug|Any CPU.ActiveCfg = Debug|Any CPU
		{6B0CF642-B1A5-432C-B41D-BA6C6032F32C}.Debug|Any CPU.Build.0 = Debug|Any CPU
		{6B0CF642-B1A5-432C-B41D-BA6C6032F32C}.Release|Any CPU.ActiveCfg = Release|Any CPU
		{6B0CF642-B1A5-432C-B41D-BA6C6032F32C}.Release|Any CPU.Build.0 = Release|Any CPU
		{9E716C3A-9108-4C44-911F-0660A185A256}.Debug|Any CPU.ActiveCfg = Debug|Any CPU
		{9E716C3A-9108-4C44-911F-0660A185A256}.Debug|Any CPU.Build.0 = Debug|Any CPU
		{9E716C3A-9108-4C44-911F-0660A185A256}.Release|Any CPU.ActiveCfg = Release|Any CPU
		{9E716C3A-9108-4C44-911F-0660A185A256}.Release|Any CPU.Build.0 = Release|Any CPU
		{599B2903-0376-4B3A-8650-76B9A5902B55}.Debug|Any CPU.ActiveCfg = Debug|Any CPU
		{599B2903-0376-4B3A-8650-76B9A5902B55}.Debug|Any CPU.Build.0 = Debug|Any CPU
		{599B2903-0376-4B3A-8650-76B9A5902B55}.Release|Any CPU.ActiveCfg = Release|Any CPU
		{599B2903-0376-4B3A-8650-76B9A5902B55}.Release|Any CPU.Build.0 = Release|Any CPU
		{CE1AAFB1-0BE2-4C20-A384-9AC8469D3404}.Debug|Any CPU.ActiveCfg = Debug|Any CPU
		{CE1AAFB1-0BE2-4C20-A384-9AC8469D3404}.Debug|Any CPU.Build.0 = Debug|Any CPU
		{CE1AAFB1-0BE2-4C20-A384-9AC8469D3404}.Release|Any CPU.ActiveCfg = Release|Any CPU
		{CE1AAFB1-0BE2-4C20-A384-9AC8469D3404}.Release|Any CPU.Build.0 = Release|Any CPU
		{4C4C93B9-F099-477A-AC29-CF206D849EB3}.Debug|Any CPU.ActiveCfg = Debug|Any CPU
		{4C4C93B9-F099-477A-AC29-CF206D849EB3}.Debug|Any CPU.Build.0 = Debug|Any CPU
		{4C4C93B9-F099-477A-AC29-CF206D849EB3}.Release|Any CPU.ActiveCfg = Release|Any CPU
		{4C4C93B9-F099-477A-AC29-CF206D849EB3}.Release|Any CPU.Build.0 = Release|Any CPU
		{69BC724B-044B-41DD-88A6-D86C330F241D}.Debug|Any CPU.ActiveCfg = Debug|Any CPU
		{69BC724B-044B-41DD-88A6-D86C330F241D}.Debug|Any CPU.Build.0 = Debug|Any CPU
		{69BC724B-044B-41DD-88A6-D86C330F241D}.Release|Any CPU.ActiveCfg = Release|Any CPU
		{69BC724B-044B-41DD-88A6-D86C330F241D}.Release|Any CPU.Build.0 = Release|Any CPU
		{8740FF16-7840-47A6-AFAA-AF0218B73F3C}.Debug|Any CPU.ActiveCfg = Debug|Any CPU
		{8740FF16-7840-47A6-AFAA-AF0218B73F3C}.Debug|Any CPU.Build.0 = Debug|Any CPU
		{8740FF16-7840-47A6-AFAA-AF0218B73F3C}.Release|Any CPU.ActiveCfg = Release|Any CPU
		{8740FF16-7840-47A6-AFAA-AF0218B73F3C}.Release|Any CPU.Build.0 = Release|Any CPU
	EndGlobalSection
EndGlobal
