
Microsoft Visual Studio Solution File, Format Version 12.00
Project("{FAE04EC0-301F-11D3-BF4B-00C04F79EFBC}") = "DesignPatterns.AbstractFactory", "DesignPatterns.AbstractFactory\DesignPatterns.AbstractFactory.csproj", "{FB2147FD-5E9C-469C-8D7F-8168894786E1}"
EndProject
Project("{FAE04EC0-301F-11D3-BF4B-00C04F79EFBC}") = "DesignPatterns.Adapter", "DesignPatterns.Adapter\DesignPatterns.Adapter.csproj", "{AA8481F0-51E8-41DF-AF49-7F788217E9C2}"
EndProject
Project("{FAE04EC0-301F-11D3-BF4B-00C04F79EFBC}") = "DesignPatterns.Builder", "DesignPatterns.Builder\DesignPatterns.Builder.csproj", "{A7BC2B06-8C73-4CBA-8EFF-2B963B45A6A1}"
EndProject
Project("{FAE04EC0-301F-11D3-BF4B-00C04F79EFBC}") = "DesignPatterns.Command", "DesignPatterns.Command\DesignPatterns.Command.csproj", "{5029995A-CFDD-4499-A846-71D370F79F21}"
EndProject
Project("{FAE04EC0-301F-11D3-BF4B-00C04F79EFBC}") = "DesignPatterns.Composite", "DesignPatterns.Composite\DesignPatterns.Composite.csproj", "{C84AF672-B7F6-4A47-9382-31852FBFDD4E}"
EndProject
Project("{FAE04EC0-301F-11D3-BF4B-00C04F79EFBC}") = "DesignPatterns.Facade", "DesignPatterns.Facade\DesignPatterns.Facade.csproj", "{61EF90E1-7733-4CED-A924-56B84802D7F7}"
EndProject
Project("{FAE04EC0-301F-11D3-BF4B-00C04F79EFBC}") = "DesignPatterns.FactoryMethod", "DesignPatterns.FactoryMethod\DesignPatterns.FactoryMethod.csproj", "{3D6FEC48-3D15-4759-9913-D97359BCF717}"
EndProject
Global
	GlobalSection(SolutionConfigurationPlatforms) = preSolution
		Debug|Any CPU = Debug|Any CPU
		Release|Any CPU = Release|Any CPU
	EndGlobalSection
	GlobalSection(ProjectConfigurationPlatforms) = postSolution
		{FB2147FD-5E9C-469C-8D7F-8168894786E1}.Debug|Any CPU.ActiveCfg = Debug|Any CPU
		{FB2147FD-5E9C-469C-8D7F-8168894786E1}.Debug|Any CPU.Build.0 = Debug|Any CPU
		{FB2147FD-5E9C-469C-8D7F-8168894786E1}.Release|Any CPU.ActiveCfg = Release|Any CPU
		{FB2147FD-5E9C-469C-8D7F-8168894786E1}.Release|Any CPU.Build.0 = Release|Any CPU
		{AA8481F0-51E8-41DF-AF49-7F788217E9C2}.Debug|Any CPU.ActiveCfg = Debug|Any CPU
		{AA8481F0-51E8-41DF-AF49-7F788217E9C2}.Debug|Any CPU.Build.0 = Debug|Any CPU
		{AA8481F0-51E8-41DF-AF49-7F788217E9C2}.Release|Any CPU.ActiveCfg = Release|Any CPU
		{AA8481F0-51E8-41DF-AF49-7F788217E9C2}.Release|Any CPU.Build.0 = Release|Any CPU
		{A7BC2B06-8C73-4CBA-8EFF-2B963B45A6A1}.Debug|Any CPU.ActiveCfg = Debug|Any CPU
		{A7BC2B06-8C73-4CBA-8EFF-2B963B45A6A1}.Debug|Any CPU.Build.0 = Debug|Any CPU
		{A7BC2B06-8C73-4CBA-8EFF-2B963B45A6A1}.Release|Any CPU.ActiveCfg = Release|Any CPU
		{A7BC2B06-8C73-4CBA-8EFF-2B963B45A6A1}.Release|Any CPU.Build.0 = Release|Any CPU
		{5029995A-CFDD-4499-A846-71D370F79F21}.Debug|Any CPU.ActiveCfg = Debug|Any CPU
		{5029995A-CFDD-4499-A846-71D370F79F21}.Debug|Any CPU.Build.0 = Debug|Any CPU
		{5029995A-CFDD-4499-A846-71D370F79F21}.Release|Any CPU.ActiveCfg = Release|Any CPU
		{5029995A-CFDD-4499-A846-71D370F79F21}.Release|Any CPU.Build.0 = Release|Any CPU
		{C84AF672-B7F6-4A47-9382-31852FBFDD4E}.Debug|Any CPU.ActiveCfg = Debug|Any CPU
		{C84AF672-B7F6-4A47-9382-31852FBFDD4E}.Debug|Any CPU.Build.0 = Debug|Any CPU
		{C84AF672-B7F6-4A47-9382-31852FBFDD4E}.Release|Any CPU.ActiveCfg = Release|Any CPU
		{C84AF672-B7F6-4A47-9382-31852FBFDD4E}.Release|Any CPU.Build.0 = Release|Any CPU
		{61EF90E1-7733-4CED-A924-56B84802D7F7}.Debug|Any CPU.ActiveCfg = Debug|Any CPU
		{61EF90E1-7733-4CED-A924-56B84802D7F7}.Debug|Any CPU.Build.0 = Debug|Any CPU
		{61EF90E1-7733-4CED-A924-56B84802D7F7}.Release|Any CPU.ActiveCfg = Release|Any CPU
		{61EF90E1-7733-4CED-A924-56B84802D7F7}.Release|Any CPU.Build.0 = Release|Any CPU
		{3D6FEC48-3D15-4759-9913-D97359BCF717}.Debug|Any CPU.ActiveCfg = Debug|Any CPU
		{3D6FEC48-3D15-4759-9913-D97359BCF717}.Debug|Any CPU.Build.0 = Debug|Any CPU
		{3D6FEC48-3D15-4759-9913-D97359BCF717}.Release|Any CPU.ActiveCfg = Release|Any CPU
		{3D6FEC48-3D15-4759-9913-D97359BCF717}.Release|Any CPU.Build.0 = Release|Any CPU
	EndGlobalSection
EndGlobal
